// !$*UTF8*$!
{
	archiveVersion = 1;
	classes = {
	};
	objectVersion = 50;
	objects = {

/* Begin PBXBuildFile section */
		110ABE8623EAC60500B88DF8 /* AddBookViewController.swift in Sources */ = {isa = PBXBuildFile; fileRef = 110ABE8423EAC60500B88DF8 /* AddBookViewController.swift */; };
		110ABE8723EAC60500B88DF8 /* AddBookViewController.xib in Resources */ = {isa = PBXBuildFile; fileRef = 110ABE8523EAC60500B88DF8 /* AddBookViewController.xib */; };
		110ABE8A23EAC83600B88DF8 /* AddBookPresenterIMP.swift in Sources */ = {isa = PBXBuildFile; fileRef = 110ABE8923EAC83600B88DF8 /* AddBookPresenterIMP.swift */; };
		110ABE8B23EAC83600B88DF8 /* AddBookPresenter.swift in Sources */ = {isa = PBXBuildFile; fileRef = 110ABE8823EAC83600B88DF8 /* AddBookPresenter.swift */; };
		110ABE8D23EACB8A00B88DF8 /* AddBookRepository.swift in Sources */ = {isa = PBXBuildFile; fileRef = 110ABE8C23EACB8A00B88DF8 /* AddBookRepository.swift */; };
		110ABE8F23EACF7C00B88DF8 /* TextFieldInput.swift in Sources */ = {isa = PBXBuildFile; fileRef = 110ABE8E23EACF7C00B88DF8 /* TextFieldInput.swift */; };
		110ABE9123EACFE000B88DF8 /* TextViewInput.swift in Sources */ = {isa = PBXBuildFile; fileRef = 110ABE9023EACFE000B88DF8 /* TextViewInput.swift */; };
		110ABE9323EAD03800B88DF8 /* TextView.swift in Sources */ = {isa = PBXBuildFile; fileRef = 110ABE9223EAD03800B88DF8 /* TextView.swift */; };
		110ABE9523EAE57D00B88DF8 /* ViewController.swift in Sources */ = {isa = PBXBuildFile; fileRef = 110ABE9423EAE57D00B88DF8 /* ViewController.swift */; };
		110ABE9723EAE60A00B88DF8 /* View.swift in Sources */ = {isa = PBXBuildFile; fileRef = 110ABE9623EAE60A00B88DF8 /* View.swift */; };
		112B9F2423EAE9C300CB0A07 /* AddBook.swift in Sources */ = {isa = PBXBuildFile; fileRef = 112B9F2323EAE9C300CB0A07 /* AddBook.swift */; };
		112B9F2623EAED7C00CB0A07 /* Toast.swift in Sources */ = {isa = PBXBuildFile; fileRef = 112B9F2523EAED7C00CB0A07 /* Toast.swift */; };
		112B9F2823EAF18C00CB0A07 /* SelectFile.swift in Sources */ = {isa = PBXBuildFile; fileRef = 112B9F2723EAF18C00CB0A07 /* SelectFile.swift */; };
		112B9F2A23EB839700CB0A07 /* ReadTimer.swift in Sources */ = {isa = PBXBuildFile; fileRef = 112B9F2923EB839700CB0A07 /* ReadTimer.swift */; };
		112B9F2C23EBF6A200CB0A07 /* SessionRead.swift in Sources */ = {isa = PBXBuildFile; fileRef = 112B9F2B23EBF6A200CB0A07 /* SessionRead.swift */; };
		116170E023E8A488000C7267 /* Assets.xcassets in Resources */ = {isa = PBXBuildFile; fileRef = 116170DF23E8A488000C7267 /* Assets.xcassets */; };
		116170E323E8A488000C7267 /* LaunchScreen.storyboard in Resources */ = {isa = PBXBuildFile; fileRef = 116170E123E8A488000C7267 /* LaunchScreen.storyboard */; };
		11D147C523E8CDE000A66F48 /* IntroCoordinator.swift in Sources */ = {isa = PBXBuildFile; fileRef = 11D147C423E8CDE000A66F48 /* IntroCoordinator.swift */; };
		11D147C823E958CD00A66F48 /* Localization.strings in Resources */ = {isa = PBXBuildFile; fileRef = 11D147CA23E958CD00A66F48 /* Localization.strings */; };
		11D147CD23E9591D00A66F48 /* String.swift in Sources */ = {isa = PBXBuildFile; fileRef = 11D147CC23E9591D00A66F48 /* String.swift */; };
		11D147D123E979BB00A66F48 /* BooksViewController.swift in Sources */ = {isa = PBXBuildFile; fileRef = 11D147CF23E979BB00A66F48 /* BooksViewController.swift */; };
		11D147D223E979BB00A66F48 /* BooksViewController.xib in Resources */ = {isa = PBXBuildFile; fileRef = 11D147D023E979BB00A66F48 /* BooksViewController.xib */; };
		11D147D523E979C400A66F48 /* BooksPresenter.swift in Sources */ = {isa = PBXBuildFile; fileRef = 11D147D323E979C400A66F48 /* BooksPresenter.swift */; };
		11D147D623E979C400A66F48 /* BooksPresenterIMP.swift in Sources */ = {isa = PBXBuildFile; fileRef = 11D147D423E979C400A66F48 /* BooksPresenterIMP.swift */; };
		11D147D823E97A6400A66F48 /* BooksCoordinator.swift in Sources */ = {isa = PBXBuildFile; fileRef = 11D147D723E97A6400A66F48 /* BooksCoordinator.swift */; };
		11D147DC23E98BB600A66F48 /* BookTableViewCell.swift in Sources */ = {isa = PBXBuildFile; fileRef = 11D147DA23E98BB600A66F48 /* BookTableViewCell.swift */; };
		11D147DD23E98BB600A66F48 /* BookTableViewCell.xib in Resources */ = {isa = PBXBuildFile; fileRef = 11D147DB23E98BB600A66F48 /* BookTableViewCell.xib */; };
		11D147E723E98BF000A66F48 /* TableViewHelper.swift in Sources */ = {isa = PBXBuildFile; fileRef = 11D147DF23E98BF000A66F48 /* TableViewHelper.swift */; };
		11D147E823E98BF000A66F48 /* TableViewDataSource.swift in Sources */ = {isa = PBXBuildFile; fileRef = 11D147E023E98BF000A66F48 /* TableViewDataSource.swift */; };
		11D147E923E98BF000A66F48 /* TableViewSection.swift in Sources */ = {isa = PBXBuildFile; fileRef = 11D147E123E98BF000A66F48 /* TableViewSection.swift */; };
		11D147EA23E98BF000A66F48 /* TableViewCellModel.swift in Sources */ = {isa = PBXBuildFile; fileRef = 11D147E223E98BF000A66F48 /* TableViewCellModel.swift */; };
		11D147EB23E98BF000A66F48 /* TableViewSectionModel.swift in Sources */ = {isa = PBXBuildFile; fileRef = 11D147E323E98BF000A66F48 /* TableViewSectionModel.swift */; };
		11D147EC23E98BF000A66F48 /* TableViewHeaderSection.swift in Sources */ = {isa = PBXBuildFile; fileRef = 11D147E423E98BF000A66F48 /* TableViewHeaderSection.swift */; };
		11D147ED23E98BF000A66F48 /* TableViewModel.swift in Sources */ = {isa = PBXBuildFile; fileRef = 11D147E523E98BF000A66F48 /* TableViewModel.swift */; };
		11D147EE23E98BF000A66F48 /* TableViewFooterSectionModel.swift in Sources */ = {isa = PBXBuildFile; fileRef = 11D147E623E98BF000A66F48 /* TableViewFooterSectionModel.swift */; };
		11D147F123E98F9B00A66F48 /* BooksViewModel.swift in Sources */ = {isa = PBXBuildFile; fileRef = 11D147F023E98F9A00A66F48 /* BooksViewModel.swift */; };
		11D147F423E98FF100A66F48 /* Book.swift in Sources */ = {isa = PBXBuildFile; fileRef = 11D147F323E98FF100A66F48 /* Book.swift */; };
		11D147F623E9908700A66F48 /* BookCellViewModel.swift in Sources */ = {isa = PBXBuildFile; fileRef = 11D147F523E9908700A66F48 /* BookCellViewModel.swift */; };
		11D147F823E993C900A66F48 /* BooksRepository.swift in Sources */ = {isa = PBXBuildFile; fileRef = 11D147F723E993C900A66F48 /* BooksRepository.swift */; };
		11D147FB23E996A400A66F48 /* RepositoryDefine.swift in Sources */ = {isa = PBXBuildFile; fileRef = 11D147FA23E996A400A66F48 /* RepositoryDefine.swift */; };
		11D1480023E9A18500A66F48 /* CoreDataManager.swift in Sources */ = {isa = PBXBuildFile; fileRef = 11D147FF23E9A18500A66F48 /* CoreDataManager.swift */; };
		11D1480623E9A1BB00A66F48 /* MyBooks.xcdatamodeld in Sources */ = {isa = PBXBuildFile; fileRef = 11D1480423E9A1BB00A66F48 /* MyBooks.xcdatamodeld */; };
		11D1480823E9A3A600A66F48 /* BookRepository.swift in Sources */ = {isa = PBXBuildFile; fileRef = 11D1480723E9A3A600A66F48 /* BookRepository.swift */; };
		11D1480B23E9A54000A66F48 /* BookRepositoryIMP.swift in Sources */ = {isa = PBXBuildFile; fileRef = 11D1480A23E9A54000A66F48 /* BookRepositoryIMP.swift */; };
		11ED6C8F23E8B398007695CD /* MainCoordinatorFactorIMP.swift in Sources */ = {isa = PBXBuildFile; fileRef = 11ED6C7B23E8B398007695CD /* MainCoordinatorFactorIMP.swift */; };
		11ED6C9023E8B398007695CD /* CoordinatorFactory.swift in Sources */ = {isa = PBXBuildFile; fileRef = 11ED6C7C23E8B398007695CD /* CoordinatorFactory.swift */; };
		11ED6C9123E8B398007695CD /* MainScreenFactoryIMP.swift in Sources */ = {isa = PBXBuildFile; fileRef = 11ED6C7E23E8B398007695CD /* MainScreenFactoryIMP.swift */; };
		11ED6C9223E8B398007695CD /* ScreenFactory.swift in Sources */ = {isa = PBXBuildFile; fileRef = 11ED6C7F23E8B398007695CD /* ScreenFactory.swift */; };
		11ED6C9323E8B398007695CD /* Coordinator.swift in Sources */ = {isa = PBXBuildFile; fileRef = 11ED6C8023E8B398007695CD /* Coordinator.swift */; };
		11ED6C9423E8B398007695CD /* Presentable.swift in Sources */ = {isa = PBXBuildFile; fileRef = 11ED6C8223E8B398007695CD /* Presentable.swift */; };
		11ED6C9523E8B398007695CD /* MainRouterIMP.swift in Sources */ = {isa = PBXBuildFile; fileRef = 11ED6C8323E8B398007695CD /* MainRouterIMP.swift */; };
		11ED6C9623E8B398007695CD /* Router.swift in Sources */ = {isa = PBXBuildFile; fileRef = 11ED6C8423E8B398007695CD /* Router.swift */; };
		11ED6C9923E8B398007695CD /* MainCoordinator.swift in Sources */ = {isa = PBXBuildFile; fileRef = 11ED6C8723E8B398007695CD /* MainCoordinator.swift */; };
		11ED6C9A23E8B398007695CD /* Connectable.swift in Sources */ = {isa = PBXBuildFile; fileRef = 11ED6C8923E8B398007695CD /* Connectable.swift */; };
		11ED6C9B23E8B398007695CD /* Presenter.swift in Sources */ = {isa = PBXBuildFile; fileRef = 11ED6C8A23E8B398007695CD /* Presenter.swift */; };
		11ED6C9C23E8B398007695CD /* AppDelegate.swift in Sources */ = {isa = PBXBuildFile; fileRef = 11ED6C8C23E8B398007695CD /* AppDelegate.swift */; };
		11ED6CA023E8BC34007695CD /* IntroViewController.swift in Sources */ = {isa = PBXBuildFile; fileRef = 11ED6C9E23E8BC34007695CD /* IntroViewController.swift */; };
		11ED6CA123E8BC34007695CD /* IntroViewController.xib in Resources */ = {isa = PBXBuildFile; fileRef = 11ED6C9F23E8BC34007695CD /* IntroViewController.xib */; };
		11ED6CA323E8BCBB007695CD /* IntroPresenter.swift in Sources */ = {isa = PBXBuildFile; fileRef = 11ED6CA223E8BCBB007695CD /* IntroPresenter.swift */; };
		11ED6CA523E8BCCC007695CD /* IntroPresenterIMP.swift in Sources */ = {isa = PBXBuildFile; fileRef = 11ED6CA423E8BCCC007695CD /* IntroPresenterIMP.swift */; };
/* End PBXBuildFile section */

/* Begin PBXFileReference section */
		110ABE8423EAC60500B88DF8 /* AddBookViewController.swift */ = {isa = PBXFileReference; lastKnownFileType = sourcecode.swift; path = AddBookViewController.swift; sourceTree = "<group>"; };
		110ABE8523EAC60500B88DF8 /* AddBookViewController.xib */ = {isa = PBXFileReference; lastKnownFileType = file.xib; path = AddBookViewController.xib; sourceTree = "<group>"; };
		110ABE8823EAC83600B88DF8 /* AddBookPresenter.swift */ = {isa = PBXFileReference; lastKnownFileType = sourcecode.swift; path = AddBookPresenter.swift; sourceTree = "<group>"; };
		110ABE8923EAC83600B88DF8 /* AddBookPresenterIMP.swift */ = {isa = PBXFileReference; lastKnownFileType = sourcecode.swift; path = AddBookPresenterIMP.swift; sourceTree = "<group>"; };
		110ABE8C23EACB8A00B88DF8 /* AddBookRepository.swift */ = {isa = PBXFileReference; lastKnownFileType = sourcecode.swift; path = AddBookRepository.swift; sourceTree = "<group>"; };
		110ABE8E23EACF7C00B88DF8 /* TextFieldInput.swift */ = {isa = PBXFileReference; lastKnownFileType = sourcecode.swift; path = TextFieldInput.swift; sourceTree = "<group>"; };
		110ABE9023EACFE000B88DF8 /* TextViewInput.swift */ = {isa = PBXFileReference; lastKnownFileType = sourcecode.swift; path = TextViewInput.swift; sourceTree = "<group>"; };
		110ABE9223EAD03800B88DF8 /* TextView.swift */ = {isa = PBXFileReference; lastKnownFileType = sourcecode.swift; path = TextView.swift; sourceTree = "<group>"; };
		110ABE9423EAE57D00B88DF8 /* ViewController.swift */ = {isa = PBXFileReference; lastKnownFileType = sourcecode.swift; path = ViewController.swift; sourceTree = "<group>"; };
		110ABE9623EAE60A00B88DF8 /* View.swift */ = {isa = PBXFileReference; lastKnownFileType = sourcecode.swift; path = View.swift; sourceTree = "<group>"; };
		112B9F2323EAE9C300CB0A07 /* AddBook.swift */ = {isa = PBXFileReference; lastKnownFileType = sourcecode.swift; path = AddBook.swift; sourceTree = "<group>"; };
		112B9F2523EAED7C00CB0A07 /* Toast.swift */ = {isa = PBXFileReference; lastKnownFileType = sourcecode.swift; path = Toast.swift; sourceTree = "<group>"; };
		112B9F2723EAF18C00CB0A07 /* SelectFile.swift */ = {isa = PBXFileReference; lastKnownFileType = sourcecode.swift; path = SelectFile.swift; sourceTree = "<group>"; };
		112B9F2923EB839700CB0A07 /* ReadTimer.swift */ = {isa = PBXFileReference; lastKnownFileType = sourcecode.swift; path = ReadTimer.swift; sourceTree = "<group>"; };
		112B9F2B23EBF6A200CB0A07 /* SessionRead.swift */ = {isa = PBXFileReference; lastKnownFileType = sourcecode.swift; path = SessionRead.swift; sourceTree = "<group>"; };
		116170D323E8A484000C7267 /* My Books.app */ = {isa = PBXFileReference; explicitFileType = wrapper.application; includeInIndex = 0; path = "My Books.app"; sourceTree = BUILT_PRODUCTS_DIR; };
		116170DF23E8A488000C7267 /* Assets.xcassets */ = {isa = PBXFileReference; lastKnownFileType = folder.assetcatalog; path = Assets.xcassets; sourceTree = "<group>"; };
		116170E223E8A488000C7267 /* Base */ = {isa = PBXFileReference; lastKnownFileType = file.storyboard; name = Base; path = Base.lproj/LaunchScreen.storyboard; sourceTree = "<group>"; };
		116170E423E8A488000C7267 /* Info.plist */ = {isa = PBXFileReference; lastKnownFileType = text.plist.xml; path = Info.plist; sourceTree = "<group>"; };
		11D147C423E8CDE000A66F48 /* IntroCoordinator.swift */ = {isa = PBXFileReference; lastKnownFileType = sourcecode.swift; path = IntroCoordinator.swift; sourceTree = "<group>"; };
		11D147C923E958CD00A66F48 /* en */ = {isa = PBXFileReference; lastKnownFileType = text.plist.strings; name = en; path = en.lproj/Localization.strings; sourceTree = "<group>"; };
		11D147CC23E9591D00A66F48 /* String.swift */ = {isa = PBXFileReference; lastKnownFileType = sourcecode.swift; path = String.swift; sourceTree = "<group>"; };
		11D147CF23E979BB00A66F48 /* BooksViewController.swift */ = {isa = PBXFileReference; lastKnownFileType = sourcecode.swift; path = BooksViewController.swift; sourceTree = "<group>"; };
		11D147D023E979BB00A66F48 /* BooksViewController.xib */ = {isa = PBXFileReference; lastKnownFileType = file.xib; path = BooksViewController.xib; sourceTree = "<group>"; };
		11D147D323E979C400A66F48 /* BooksPresenter.swift */ = {isa = PBXFileReference; lastKnownFileType = sourcecode.swift; path = BooksPresenter.swift; sourceTree = "<group>"; };
		11D147D423E979C400A66F48 /* BooksPresenterIMP.swift */ = {isa = PBXFileReference; lastKnownFileType = sourcecode.swift; path = BooksPresenterIMP.swift; sourceTree = "<group>"; };
		11D147D723E97A6400A66F48 /* BooksCoordinator.swift */ = {isa = PBXFileReference; lastKnownFileType = sourcecode.swift; path = BooksCoordinator.swift; sourceTree = "<group>"; };
		11D147DA23E98BB600A66F48 /* BookTableViewCell.swift */ = {isa = PBXFileReference; lastKnownFileType = sourcecode.swift; path = BookTableViewCell.swift; sourceTree = "<group>"; };
		11D147DB23E98BB600A66F48 /* BookTableViewCell.xib */ = {isa = PBXFileReference; lastKnownFileType = file.xib; path = BookTableViewCell.xib; sourceTree = "<group>"; };
		11D147DF23E98BF000A66F48 /* TableViewHelper.swift */ = {isa = PBXFileReference; fileEncoding = 4; lastKnownFileType = sourcecode.swift; path = TableViewHelper.swift; sourceTree = "<group>"; };
		11D147E023E98BF000A66F48 /* TableViewDataSource.swift */ = {isa = PBXFileReference; fileEncoding = 4; lastKnownFileType = sourcecode.swift; path = TableViewDataSource.swift; sourceTree = "<group>"; };
		11D147E123E98BF000A66F48 /* TableViewSection.swift */ = {isa = PBXFileReference; fileEncoding = 4; lastKnownFileType = sourcecode.swift; path = TableViewSection.swift; sourceTree = "<group>"; };
		11D147E223E98BF000A66F48 /* TableViewCellModel.swift */ = {isa = PBXFileReference; fileEncoding = 4; lastKnownFileType = sourcecode.swift; path = TableViewCellModel.swift; sourceTree = "<group>"; };
		11D147E323E98BF000A66F48 /* TableViewSectionModel.swift */ = {isa = PBXFileReference; fileEncoding = 4; lastKnownFileType = sourcecode.swift; path = TableViewSectionModel.swift; sourceTree = "<group>"; };
		11D147E423E98BF000A66F48 /* TableViewHeaderSection.swift */ = {isa = PBXFileReference; fileEncoding = 4; lastKnownFileType = sourcecode.swift; path = TableViewHeaderSection.swift; sourceTree = "<group>"; };
		11D147E523E98BF000A66F48 /* TableViewModel.swift */ = {isa = PBXFileReference; fileEncoding = 4; lastKnownFileType = sourcecode.swift; path = TableViewModel.swift; sourceTree = "<group>"; };
		11D147E623E98BF000A66F48 /* TableViewFooterSectionModel.swift */ = {isa = PBXFileReference; fileEncoding = 4; lastKnownFileType = sourcecode.swift; path = TableViewFooterSectionModel.swift; sourceTree = "<group>"; };
		11D147F023E98F9A00A66F48 /* BooksViewModel.swift */ = {isa = PBXFileReference; lastKnownFileType = sourcecode.swift; path = BooksViewModel.swift; sourceTree = "<group>"; };
		11D147F323E98FF100A66F48 /* Book.swift */ = {isa = PBXFileReference; lastKnownFileType = sourcecode.swift; path = Book.swift; sourceTree = "<group>"; };
		11D147F523E9908700A66F48 /* BookCellViewModel.swift */ = {isa = PBXFileReference; lastKnownFileType = sourcecode.swift; path = BookCellViewModel.swift; sourceTree = "<group>"; };
		11D147F723E993C900A66F48 /* BooksRepository.swift */ = {isa = PBXFileReference; lastKnownFileType = sourcecode.swift; path = BooksRepository.swift; sourceTree = "<group>"; };
		11D147FA23E996A400A66F48 /* RepositoryDefine.swift */ = {isa = PBXFileReference; lastKnownFileType = sourcecode.swift; path = RepositoryDefine.swift; sourceTree = "<group>"; };
		11D147FF23E9A18500A66F48 /* CoreDataManager.swift */ = {isa = PBXFileReference; lastKnownFileType = sourcecode.swift; path = CoreDataManager.swift; sourceTree = "<group>"; };
		11D1480523E9A1BB00A66F48 /* MyBooks.xcdatamodel */ = {isa = PBXFileReference; lastKnownFileType = wrapper.xcdatamodel; path = MyBooks.xcdatamodel; sourceTree = "<group>"; };
		11D1480723E9A3A600A66F48 /* BookRepository.swift */ = {isa = PBXFileReference; lastKnownFileType = sourcecode.swift; path = BookRepository.swift; sourceTree = "<group>"; };
		11D1480A23E9A54000A66F48 /* BookRepositoryIMP.swift */ = {isa = PBXFileReference; lastKnownFileType = sourcecode.swift; path = BookRepositoryIMP.swift; sourceTree = "<group>"; };
		11ED6C7B23E8B398007695CD /* MainCoordinatorFactorIMP.swift */ = {isa = PBXFileReference; fileEncoding = 4; lastKnownFileType = sourcecode.swift; path = MainCoordinatorFactorIMP.swift; sourceTree = "<group>"; };
		11ED6C7C23E8B398007695CD /* CoordinatorFactory.swift */ = {isa = PBXFileReference; fileEncoding = 4; lastKnownFileType = sourcecode.swift; path = CoordinatorFactory.swift; sourceTree = "<group>"; };
		11ED6C7E23E8B398007695CD /* MainScreenFactoryIMP.swift */ = {isa = PBXFileReference; fileEncoding = 4; lastKnownFileType = sourcecode.swift; path = MainScreenFactoryIMP.swift; sourceTree = "<group>"; };
		11ED6C7F23E8B398007695CD /* ScreenFactory.swift */ = {isa = PBXFileReference; fileEncoding = 4; lastKnownFileType = sourcecode.swift; path = ScreenFactory.swift; sourceTree = "<group>"; };
		11ED6C8023E8B398007695CD /* Coordinator.swift */ = {isa = PBXFileReference; fileEncoding = 4; lastKnownFileType = sourcecode.swift; path = Coordinator.swift; sourceTree = "<group>"; };
		11ED6C8223E8B398007695CD /* Presentable.swift */ = {isa = PBXFileReference; fileEncoding = 4; lastKnownFileType = sourcecode.swift; path = Presentable.swift; sourceTree = "<group>"; };
		11ED6C8323E8B398007695CD /* MainRouterIMP.swift */ = {isa = PBXFileReference; fileEncoding = 4; lastKnownFileType = sourcecode.swift; path = MainRouterIMP.swift; sourceTree = "<group>"; };
		11ED6C8423E8B398007695CD /* Router.swift */ = {isa = PBXFileReference; fileEncoding = 4; lastKnownFileType = sourcecode.swift; path = Router.swift; sourceTree = "<group>"; };
		11ED6C8723E8B398007695CD /* MainCoordinator.swift */ = {isa = PBXFileReference; fileEncoding = 4; lastKnownFileType = sourcecode.swift; path = MainCoordinator.swift; sourceTree = "<group>"; };
		11ED6C8923E8B398007695CD /* Connectable.swift */ = {isa = PBXFileReference; fileEncoding = 4; lastKnownFileType = sourcecode.swift; path = Connectable.swift; sourceTree = "<group>"; };
		11ED6C8A23E8B398007695CD /* Presenter.swift */ = {isa = PBXFileReference; fileEncoding = 4; lastKnownFileType = sourcecode.swift; path = Presenter.swift; sourceTree = "<group>"; };
		11ED6C8C23E8B398007695CD /* AppDelegate.swift */ = {isa = PBXFileReference; fileEncoding = 4; lastKnownFileType = sourcecode.swift; path = AppDelegate.swift; sourceTree = "<group>"; };
		11ED6C9E23E8BC34007695CD /* IntroViewController.swift */ = {isa = PBXFileReference; lastKnownFileType = sourcecode.swift; path = IntroViewController.swift; sourceTree = "<group>"; };
		11ED6C9F23E8BC34007695CD /* IntroViewController.xib */ = {isa = PBXFileReference; lastKnownFileType = file.xib; path = IntroViewController.xib; sourceTree = "<group>"; };
		11ED6CA223E8BCBB007695CD /* IntroPresenter.swift */ = {isa = PBXFileReference; lastKnownFileType = sourcecode.swift; path = IntroPresenter.swift; sourceTree = "<group>"; };
		11ED6CA423E8BCCC007695CD /* IntroPresenterIMP.swift */ = {isa = PBXFileReference; lastKnownFileType = sourcecode.swift; path = IntroPresenterIMP.swift; sourceTree = "<group>"; };
/* End PBXFileReference section */

/* Begin PBXFrameworksBuildPhase section */
		116170D023E8A484000C7267 /* Frameworks */ = {
			isa = PBXFrameworksBuildPhase;
			buildActionMask = 2147483647;
			files = (
			);
			runOnlyForDeploymentPostprocessing = 0;
		};
/* End PBXFrameworksBuildPhase section */

/* Begin PBXGroup section */
		110ABE8323EAC5ED00B88DF8 /* AddBook */ = {
			isa = PBXGroup;
			children = (
				110ABE8823EAC83600B88DF8 /* AddBookPresenter.swift */,
				110ABE8923EAC83600B88DF8 /* AddBookPresenterIMP.swift */,
				110ABE8423EAC60500B88DF8 /* AddBookViewController.swift */,
				110ABE8523EAC60500B88DF8 /* AddBookViewController.xib */,
			);
			path = AddBook;
			sourceTree = "<group>";
		};
		1152452A23EAC3A400D60282 /* Config */ = {
			isa = PBXGroup;
			children = (
				11D147FA23E996A400A66F48 /* RepositoryDefine.swift */,
			);
			path = Config;
			sourceTree = "<group>";
		};
		116170CA23E8A484000C7267 = {
			isa = PBXGroup;
			children = (
				116170D523E8A484000C7267 /* MyBooksApp */,
				116170D423E8A484000C7267 /* Products */,
			);
			sourceTree = "<group>";
		};
		116170D423E8A484000C7267 /* Products */ = {
			isa = PBXGroup;
			children = (
				116170D323E8A484000C7267 /* My Books.app */,
			);
			name = Products;
			sourceTree = "<group>";
		};
		116170D523E8A484000C7267 /* MyBooksApp */ = {
			isa = PBXGroup;
			children = (
				11D147F223E98FE500A66F48 /* Models */,
				11ED6C8B23E8B398007695CD /* Config */,
				11ED6C7823E8B398007695CD /* Coordinator */,
				11ED6C8823E8B398007695CD /* Helpers */,
				11ED6C8D23E8B398007695CD /* Repository */,
				11ED6C7523E8B398007695CD /* Resources */,
				11ED6C8E23E8B398007695CD /* Screens */,
			);
			path = MyBooksApp;
			sourceTree = "<group>";
		};
		11D147CB23E9590600A66F48 /* Extension */ = {
			isa = PBXGroup;
			children = (
				11D147CC23E9591D00A66F48 /* String.swift */,
				110ABE9223EAD03800B88DF8 /* TextView.swift */,
				110ABE9423EAE57D00B88DF8 /* ViewController.swift */,
				110ABE9623EAE60A00B88DF8 /* View.swift */,
			);
			path = Extension;
			sourceTree = "<group>";
		};
		11D147CE23E9799F00A66F48 /* Books */ = {
			isa = PBXGroup;
			children = (
				11D147EF23E98F2900A66F48 /* ViewModel */,
				11D147D923E98B9700A66F48 /* Subview */,
				11D147D323E979C400A66F48 /* BooksPresenter.swift */,
				11D147D423E979C400A66F48 /* BooksPresenterIMP.swift */,
				11D147CF23E979BB00A66F48 /* BooksViewController.swift */,
				11D147D023E979BB00A66F48 /* BooksViewController.xib */,
			);
			path = Books;
			sourceTree = "<group>";
		};
		11D147D923E98B9700A66F48 /* Subview */ = {
			isa = PBXGroup;
			children = (
				11D147DA23E98BB600A66F48 /* BookTableViewCell.swift */,
				11D147DB23E98BB600A66F48 /* BookTableViewCell.xib */,
			);
			path = Subview;
			sourceTree = "<group>";
		};
		11D147DE23E98BF000A66F48 /* POPTableView */ = {
			isa = PBXGroup;
			children = (
				11D147DF23E98BF000A66F48 /* TableViewHelper.swift */,
				11D147E023E98BF000A66F48 /* TableViewDataSource.swift */,
				11D147E123E98BF000A66F48 /* TableViewSection.swift */,
				11D147E223E98BF000A66F48 /* TableViewCellModel.swift */,
				11D147E323E98BF000A66F48 /* TableViewSectionModel.swift */,
				11D147E423E98BF000A66F48 /* TableViewHeaderSection.swift */,
				11D147E523E98BF000A66F48 /* TableViewModel.swift */,
				11D147E623E98BF000A66F48 /* TableViewFooterSectionModel.swift */,
			);
			path = POPTableView;
			sourceTree = "<group>";
		};
		11D147EF23E98F2900A66F48 /* ViewModel */ = {
			isa = PBXGroup;
			children = (
				11D147F023E98F9A00A66F48 /* BooksViewModel.swift */,
				11D147F523E9908700A66F48 /* BookCellViewModel.swift */,
			);
			path = ViewModel;
			sourceTree = "<group>";
		};
		11D147F223E98FE500A66F48 /* Models */ = {
			isa = PBXGroup;
			children = (
				11D147F323E98FF100A66F48 /* Book.swift */,
				112B9F2323EAE9C300CB0A07 /* AddBook.swift */,
				112B9F2923EB839700CB0A07 /* ReadTimer.swift */,
				112B9F2B23EBF6A200CB0A07 /* SessionRead.swift */,
			);
			path = Models;
			sourceTree = "<group>";
		};
		11D147FE23E9A0C400A66F48 /* DataBaseManeger */ = {
			isa = PBXGroup;
			children = (
				11D147FF23E9A18500A66F48 /* CoreDataManager.swift */,
				11D1480423E9A1BB00A66F48 /* MyBooks.xcdatamodeld */,
			);
			path = DataBaseManeger;
			sourceTree = "<group>";
		};
		11D1480923E9A4EC00A66F48 /* BookRepository */ = {
			isa = PBXGroup;
			children = (
				11D1480723E9A3A600A66F48 /* BookRepository.swift */,
				11D1480A23E9A54000A66F48 /* BookRepositoryIMP.swift */,
			);
			path = BookRepository;
			sourceTree = "<group>";
		};
		11ED6C7523E8B398007695CD /* Resources */ = {
			isa = PBXGroup;
			children = (
				11ED6C7623E8B398007695CD /* Photos */,
				11ED6C7723E8B398007695CD /* Localization */,
			);
			path = Resources;
			sourceTree = "<group>";
		};
		11ED6C7623E8B398007695CD /* Photos */ = {
			isa = PBXGroup;
			children = (
				116170DF23E8A488000C7267 /* Assets.xcassets */,
			);
			path = Photos;
			sourceTree = "<group>";
		};
		11ED6C7723E8B398007695CD /* Localization */ = {
			isa = PBXGroup;
			children = (
				11D147CA23E958CD00A66F48 /* Localization.strings */,
			);
			path = Localization;
			sourceTree = "<group>";
		};
		11ED6C7823E8B398007695CD /* Coordinator */ = {
			isa = PBXGroup;
			children = (
				11ED6C7923E8B398007695CD /* Manager */,
				11ED6C8723E8B398007695CD /* MainCoordinator.swift */,
				11D147C423E8CDE000A66F48 /* IntroCoordinator.swift */,
				11D147D723E97A6400A66F48 /* BooksCoordinator.swift */,
			);
			path = Coordinator;
			sourceTree = "<group>";
		};
		11ED6C7923E8B398007695CD /* Manager */ = {
			isa = PBXGroup;
			children = (
				11ED6C8023E8B398007695CD /* Coordinator.swift */,
				11ED6C7D23E8B398007695CD /* ScreenFactory */,
				11ED6C7A23E8B398007695CD /* CoordinatorFactory */,
				11ED6C8123E8B398007695CD /* Router */,
			);
			path = Manager;
			sourceTree = "<group>";
		};
		11ED6C7A23E8B398007695CD /* CoordinatorFactory */ = {
			isa = PBXGroup;
			children = (
				11ED6C7B23E8B398007695CD /* MainCoordinatorFactorIMP.swift */,
				11ED6C7C23E8B398007695CD /* CoordinatorFactory.swift */,
			);
			path = CoordinatorFactory;
			sourceTree = "<group>";
		};
		11ED6C7D23E8B398007695CD /* ScreenFactory */ = {
			isa = PBXGroup;
			children = (
				11ED6C7E23E8B398007695CD /* MainScreenFactoryIMP.swift */,
				11ED6C7F23E8B398007695CD /* ScreenFactory.swift */,
			);
			path = ScreenFactory;
			sourceTree = "<group>";
		};
		11ED6C8123E8B398007695CD /* Router */ = {
			isa = PBXGroup;
			children = (
				11ED6C8223E8B398007695CD /* Presentable.swift */,
				11ED6C8323E8B398007695CD /* MainRouterIMP.swift */,
				11ED6C8423E8B398007695CD /* Router.swift */,
			);
			path = Router;
			sourceTree = "<group>";
		};
		11ED6C8823E8B398007695CD /* Helpers */ = {
			isa = PBXGroup;
			children = (
				11D147DE23E98BF000A66F48 /* POPTableView */,
				11D147CB23E9590600A66F48 /* Extension */,
				11ED6C8923E8B398007695CD /* Connectable.swift */,
				11ED6C8A23E8B398007695CD /* Presenter.swift */,
				110ABE8E23EACF7C00B88DF8 /* TextFieldInput.swift */,
				110ABE9023EACFE000B88DF8 /* TextViewInput.swift */,
				112B9F2523EAED7C00CB0A07 /* Toast.swift */,
				112B9F2723EAF18C00CB0A07 /* SelectFile.swift */,
			);
			path = Helpers;
			sourceTree = "<group>";
		};
		11ED6C8B23E8B398007695CD /* Config */ = {
			isa = PBXGroup;
			children = (
				116170E423E8A488000C7267 /* Info.plist */,
				11ED6C8C23E8B398007695CD /* AppDelegate.swift */,
			);
			path = Config;
			sourceTree = "<group>";
		};
		11ED6C8D23E8B398007695CD /* Repository */ = {
			isa = PBXGroup;
			children = (
				1152452A23EAC3A400D60282 /* Config */,
				11D1480923E9A4EC00A66F48 /* BookRepository */,
				11D147FE23E9A0C400A66F48 /* DataBaseManeger */,
				11D147F723E993C900A66F48 /* BooksRepository.swift */,
				110ABE8C23EACB8A00B88DF8 /* AddBookRepository.swift */,
			);
			path = Repository;
			sourceTree = "<group>";
		};
		11ED6C8E23E8B398007695CD /* Screens */ = {
			isa = PBXGroup;
			children = (
				110ABE8323EAC5ED00B88DF8 /* AddBook */,
				11D147CE23E9799F00A66F48 /* Books */,
				11ED6C9D23E8BC1B007695CD /* Intro */,
				116170E123E8A488000C7267 /* LaunchScreen.storyboard */,
			);
			path = Screens;
			sourceTree = "<group>";
		};
		11ED6C9D23E8BC1B007695CD /* Intro */ = {
			isa = PBXGroup;
			children = (
				11ED6C9E23E8BC34007695CD /* IntroViewController.swift */,
				11ED6C9F23E8BC34007695CD /* IntroViewController.xib */,
				11ED6CA223E8BCBB007695CD /* IntroPresenter.swift */,
				11ED6CA423E8BCCC007695CD /* IntroPresenterIMP.swift */,
			);
			path = Intro;
			sourceTree = "<group>";
		};
/* End PBXGroup section */

/* Begin PBXNativeTarget section */
		116170D223E8A484000C7267 /* MyBooksApp */ = {
			isa = PBXNativeTarget;
			buildConfigurationList = 116170E723E8A488000C7267 /* Build configuration list for PBXNativeTarget "MyBooksApp" */;
			buildPhases = (
				116170CF23E8A484000C7267 /* Sources */,
				116170D023E8A484000C7267 /* Frameworks */,
				116170D123E8A484000C7267 /* Resources */,
			);
			buildRules = (
			);
			dependencies = (
			);
			name = MyBooksApp;
			productName = MyBooksApp;
			productReference = 116170D323E8A484000C7267 /* My Books.app */;
			productType = "com.apple.product-type.application";
		};
/* End PBXNativeTarget section */

/* Begin PBXProject section */
		116170CB23E8A484000C7267 /* Project object */ = {
			isa = PBXProject;
			attributes = {
				LastSwiftUpdateCheck = 1130;
				LastUpgradeCheck = 1130;
				TargetAttributes = {
					116170D223E8A484000C7267 = {
						CreatedOnToolsVersion = 11.3;
					};
				};
			};
			buildConfigurationList = 116170CE23E8A484000C7267 /* Build configuration list for PBXProject "MyBooksApp" */;
			compatibilityVersion = "Xcode 9.3";
			developmentRegion = en;
			hasScannedForEncodings = 0;
			knownRegions = (
				en,
				Base,
			);
			mainGroup = 116170CA23E8A484000C7267;
			productRefGroup = 116170D423E8A484000C7267 /* Products */;
			projectDirPath = "";
			projectRoot = "";
			targets = (
				116170D223E8A484000C7267 /* MyBooksApp */,
			);
		};
/* End PBXProject section */

/* Begin PBXResourcesBuildPhase section */
		116170D123E8A484000C7267 /* Resources */ = {
			isa = PBXResourcesBuildPhase;
			buildActionMask = 2147483647;
			files = (
				11D147D223E979BB00A66F48 /* BooksViewController.xib in Resources */,
				110ABE8723EAC60500B88DF8 /* AddBookViewController.xib in Resources */,
				116170E323E8A488000C7267 /* LaunchScreen.storyboard in Resources */,
				11D147DD23E98BB600A66F48 /* BookTableViewCell.xib in Resources */,
				11D147C823E958CD00A66F48 /* Localization.strings in Resources */,
				116170E023E8A488000C7267 /* Assets.xcassets in Resources */,
				11ED6CA123E8BC34007695CD /* IntroViewController.xib in Resources */,
			);
			runOnlyForDeploymentPostprocessing = 0;
		};
/* End PBXResourcesBuildPhase section */

/* Begin PBXSourcesBuildPhase section */
		116170CF23E8A484000C7267 /* Sources */ = {
			isa = PBXSourcesBuildPhase;
			buildActionMask = 2147483647;
			files = (
				11ED6C9623E8B398007695CD /* Router.swift in Sources */,
				110ABE8623EAC60500B88DF8 /* AddBookViewController.swift in Sources */,
				11D147C523E8CDE000A66F48 /* IntroCoordinator.swift in Sources */,
				11ED6CA323E8BCBB007695CD /* IntroPresenter.swift in Sources */,
				11ED6CA023E8BC34007695CD /* IntroViewController.swift in Sources */,
				11ED6C9123E8B398007695CD /* MainScreenFactoryIMP.swift in Sources */,
				11ED6C9523E8B398007695CD /* MainRouterIMP.swift in Sources */,
				11D1480023E9A18500A66F48 /* CoreDataManager.swift in Sources */,
				11D1480623E9A1BB00A66F48 /* MyBooks.xcdatamodeld in Sources */,
				11D147F123E98F9B00A66F48 /* BooksViewModel.swift in Sources */,
				11ED6C8F23E8B398007695CD /* MainCoordinatorFactorIMP.swift in Sources */,
				11ED6C9C23E8B398007695CD /* AppDelegate.swift in Sources */,
				11D147EE23E98BF000A66F48 /* TableViewFooterSectionModel.swift in Sources */,
				11D147EC23E98BF000A66F48 /* TableViewHeaderSection.swift in Sources */,
				11D147E723E98BF000A66F48 /* TableViewHelper.swift in Sources */,
				110ABE8B23EAC83600B88DF8 /* AddBookPresenter.swift in Sources */,
				110ABE8F23EACF7C00B88DF8 /* TextFieldInput.swift in Sources */,
				110ABE8A23EAC83600B88DF8 /* AddBookPresenterIMP.swift in Sources */,
				11D147EB23E98BF000A66F48 /* TableViewSectionModel.swift in Sources */,
				11ED6C9323E8B398007695CD /* Coordinator.swift in Sources */,
				11ED6C9923E8B398007695CD /* MainCoordinator.swift in Sources */,
				11D147D823E97A6400A66F48 /* BooksCoordinator.swift in Sources */,
				11D147F823E993C900A66F48 /* BooksRepository.swift in Sources */,
				11D147F423E98FF100A66F48 /* Book.swift in Sources */,
				11D147F623E9908700A66F48 /* BookCellViewModel.swift in Sources */,
				11ED6C9223E8B398007695CD /* ScreenFactory.swift in Sources */,
				112B9F2C23EBF6A200CB0A07 /* SessionRead.swift in Sources */,
				11D147ED23E98BF000A66F48 /* TableViewModel.swift in Sources */,
				11D147D523E979C400A66F48 /* BooksPresenter.swift in Sources */,
				11D147D623E979C400A66F48 /* BooksPresenterIMP.swift in Sources */,
				11D147EA23E98BF000A66F48 /* TableViewCellModel.swift in Sources */,
				11D1480823E9A3A600A66F48 /* BookRepository.swift in Sources */,
				112B9F2A23EB839700CB0A07 /* ReadTimer.swift in Sources */,
				110ABE9523EAE57D00B88DF8 /* ViewController.swift in Sources */,
				110ABE9723EAE60A00B88DF8 /* View.swift in Sources */,
				11D147DC23E98BB600A66F48 /* BookTableViewCell.swift in Sources */,
				11D147FB23E996A400A66F48 /* RepositoryDefine.swift in Sources */,
				112B9F2823EAF18C00CB0A07 /* SelectFile.swift in Sources */,
				11ED6C9023E8B398007695CD /* CoordinatorFactory.swift in Sources */,
				11ED6C9B23E8B398007695CD /* Presenter.swift in Sources */,
				11D147E923E98BF000A66F48 /* TableViewSection.swift in Sources */,
				11D147E823E98BF000A66F48 /* TableViewDataSource.swift in Sources */,
				11ED6CA523E8BCCC007695CD /* IntroPresenterIMP.swift in Sources */,
				11D1480B23E9A54000A66F48 /* BookRepositoryIMP.swift in Sources */,
				11D147CD23E9591D00A66F48 /* String.swift in Sources */,
				110ABE9123EACFE000B88DF8 /* TextViewInput.swift in Sources */,
				110ABE8D23EACB8A00B88DF8 /* AddBookRepository.swift in Sources */,
				112B9F2423EAE9C300CB0A07 /* AddBook.swift in Sources */,
				11ED6C9A23E8B398007695CD /* Connectable.swift in Sources */,
				110ABE9323EAD03800B88DF8 /* TextView.swift in Sources */,
				112B9F2623EAED7C00CB0A07 /* Toast.swift in Sources */,
				11ED6C9423E8B398007695CD /* Presentable.swift in Sources */,
				11D147D123E979BB00A66F48 /* BooksViewController.swift in Sources */,
			);
			runOnlyForDeploymentPostprocessing = 0;
		};
/* End PBXSourcesBuildPhase section */

/* Begin PBXVariantGroup section */
		116170E123E8A488000C7267 /* LaunchScreen.storyboard */ = {
			isa = PBXVariantGroup;
			children = (
				116170E223E8A488000C7267 /* Base */,
			);
			name = LaunchScreen.storyboard;
			sourceTree = "<group>";
		};
		11D147CA23E958CD00A66F48 /* Localization.strings */ = {
			isa = PBXVariantGroup;
			children = (
				11D147C923E958CD00A66F48 /* en */,
			);
			name = Localization.strings;
			sourceTree = "<group>";
		};
/* End PBXVariantGroup section */

/* Begin XCBuildConfiguration section */
		116170E523E8A488000C7267 /* Debug */ = {
			isa = XCBuildConfiguration;
			buildSettings = {
				ALWAYS_SEARCH_USER_PATHS = NO;
				CLANG_ANALYZER_NONNULL = YES;
				CLANG_ANALYZER_NUMBER_OBJECT_CONVERSION = YES_AGGRESSIVE;
				CLANG_CXX_LANGUAGE_STANDARD = "gnu++14";
				CLANG_CXX_LIBRARY = "libc++";
				CLANG_ENABLE_MODULES = YES;
				CLANG_ENABLE_OBJC_ARC = YES;
				CLANG_ENABLE_OBJC_WEAK = YES;
				CLANG_WARN_BLOCK_CAPTURE_AUTORELEASING = YES;
				CLANG_WARN_BOOL_CONVERSION = YES;
				CLANG_WARN_COMMA = YES;
				CLANG_WARN_CONSTANT_CONVERSION = YES;
				CLANG_WARN_DEPRECATED_OBJC_IMPLEMENTATIONS = YES;
				CLANG_WARN_DIRECT_OBJC_ISA_USAGE = YES_ERROR;
				CLANG_WARN_DOCUMENTATION_COMMENTS = YES;
				CLANG_WARN_EMPTY_BODY = YES;
				CLANG_WARN_ENUM_CONVERSION = YES;
				CLANG_WARN_INFINITE_RECURSION = YES;
				CLANG_WARN_INT_CONVERSION = YES;
				CLANG_WARN_NON_LITERAL_NULL_CONVERSION = YES;
				CLANG_WARN_OBJC_IMPLICIT_RETAIN_SELF = YES;
				CLANG_WARN_OBJC_LITERAL_CONVERSION = YES;
				CLANG_WARN_OBJC_ROOT_CLASS = YES_ERROR;
				CLANG_WARN_RANGE_LOOP_ANALYSIS = YES;
				CLANG_WARN_STRICT_PROTOTYPES = YES;
				CLANG_WARN_SUSPICIOUS_MOVE = YES;
				CLANG_WARN_UNGUARDED_AVAILABILITY = YES_AGGRESSIVE;
				CLANG_WARN_UNREACHABLE_CODE = YES;
				CLANG_WARN__DUPLICATE_METHOD_MATCH = YES;
				COPY_PHASE_STRIP = NO;
				DEBUG_INFORMATION_FORMAT = dwarf;
				ENABLE_STRICT_OBJC_MSGSEND = YES;
				ENABLE_TESTABILITY = YES;
				GCC_C_LANGUAGE_STANDARD = gnu11;
				GCC_DYNAMIC_NO_PIC = NO;
				GCC_NO_COMMON_BLOCKS = YES;
				GCC_OPTIMIZATION_LEVEL = 0;
				GCC_PREPROCESSOR_DEFINITIONS = (
					"DEBUG=1",
					"$(inherited)",
				);
				GCC_WARN_64_TO_32_BIT_CONVERSION = YES;
				GCC_WARN_ABOUT_RETURN_TYPE = YES_ERROR;
				GCC_WARN_UNDECLARED_SELECTOR = YES;
				GCC_WARN_UNINITIALIZED_AUTOS = YES_AGGRESSIVE;
				GCC_WARN_UNUSED_FUNCTION = YES;
				GCC_WARN_UNUSED_VARIABLE = YES;
				IPHONEOS_DEPLOYMENT_TARGET = 11.0;
				MTL_ENABLE_DEBUG_INFO = INCLUDE_SOURCE;
				MTL_FAST_MATH = YES;
				ONLY_ACTIVE_ARCH = YES;
				SDKROOT = iphoneos;
				SWIFT_ACTIVE_COMPILATION_CONDITIONS = DEBUG;
				SWIFT_OPTIMIZATION_LEVEL = "-Onone";
			};
			name = Debug;
		};
		116170E623E8A488000C7267 /* Release */ = {
			isa = XCBuildConfiguration;
			buildSettings = {
				ALWAYS_SEARCH_USER_PATHS = NO;
				CLANG_ANALYZER_NONNULL = YES;
				CLANG_ANALYZER_NUMBER_OBJECT_CONVERSION = YES_AGGRESSIVE;
				CLANG_CXX_LANGUAGE_STANDARD = "gnu++14";
				CLANG_CXX_LIBRARY = "libc++";
				CLANG_ENABLE_MODULES = YES;
				CLANG_ENABLE_OBJC_ARC = YES;
				CLANG_ENABLE_OBJC_WEAK = YES;
				CLANG_WARN_BLOCK_CAPTURE_AUTORELEASING = YES;
				CLANG_WARN_BOOL_CONVERSION = YES;
				CLANG_WARN_COMMA = YES;
				CLANG_WARN_CONSTANT_CONVERSION = YES;
				CLANG_WARN_DEPRECATED_OBJC_IMPLEMENTATIONS = YES;
				CLANG_WARN_DIRECT_OBJC_ISA_USAGE = YES_ERROR;
				CLANG_WARN_DOCUMENTATION_COMMENTS = YES;
				CLANG_WARN_EMPTY_BODY = YES;
				CLANG_WARN_ENUM_CONVERSION = YES;
				CLANG_WARN_INFINITE_RECURSION = YES;
				CLANG_WARN_INT_CONVERSION = YES;
				CLANG_WARN_NON_LITERAL_NULL_CONVERSION = YES;
				CLANG_WARN_OBJC_IMPLICIT_RETAIN_SELF = YES;
				CLANG_WARN_OBJC_LITERAL_CONVERSION = YES;
				CLANG_WARN_OBJC_ROOT_CLASS = YES_ERROR;
				CLANG_WARN_RANGE_LOOP_ANALYSIS = YES;
				CLANG_WARN_STRICT_PROTOTYPES = YES;
				CLANG_WARN_SUSPICIOUS_MOVE = YES;
				CLANG_WARN_UNGUARDED_AVAILABILITY = YES_AGGRESSIVE;
				CLANG_WARN_UNREACHABLE_CODE = YES;
				CLANG_WARN__DUPLICATE_METHOD_MATCH = YES;
				COPY_PHASE_STRIP = NO;
				DEBUG_INFORMATION_FORMAT = "dwarf-with-dsym";
				ENABLE_NS_ASSERTIONS = NO;
				ENABLE_STRICT_OBJC_MSGSEND = YES;
				GCC_C_LANGUAGE_STANDARD = gnu11;
				GCC_NO_COMMON_BLOCKS = YES;
				GCC_WARN_64_TO_32_BIT_CONVERSION = YES;
				GCC_WARN_ABOUT_RETURN_TYPE = YES_ERROR;
				GCC_WARN_UNDECLARED_SELECTOR = YES;
				GCC_WARN_UNINITIALIZED_AUTOS = YES_AGGRESSIVE;
				GCC_WARN_UNUSED_FUNCTION = YES;
				GCC_WARN_UNUSED_VARIABLE = YES;
				IPHONEOS_DEPLOYMENT_TARGET = 11.0;
				MTL_ENABLE_DEBUG_INFO = NO;
				MTL_FAST_MATH = YES;
				SDKROOT = iphoneos;
				SWIFT_COMPILATION_MODE = wholemodule;
				SWIFT_OPTIMIZATION_LEVEL = "-O";
				VALIDATE_PRODUCT = YES;
			};
			name = Release;
		};
		116170E823E8A488000C7267 /* Debug */ = {
			isa = XCBuildConfiguration;
			buildSettings = {
				ASSETCATALOG_COMPILER_APPICON_NAME = AppIcon;
				CODE_SIGN_IDENTITY = "iPhone Developer";
				CODE_SIGN_STYLE = Automatic;
				DEVELOPMENT_TEAM = A5CF5UAFXM;
				INFOPLIST_FILE = "$(SRCROOT)/MyBooksApp/Config/Info.plist";
				IPHONEOS_DEPLOYMENT_TARGET = 11.0;
				LD_RUNPATH_SEARCH_PATHS = (
					"$(inherited)",
					"@executable_path/Frameworks",
				);
				MARKETING_VERSION = 1.0.0;
				PRODUCT_BUNDLE_IDENTIFIER = ir.cafebazaar.mybooks;
				PRODUCT_NAME = "My Books";
				PROVISIONING_PROFILE_SPECIFIER = "";
				SWIFT_VERSION = 5.0;
				TARGETED_DEVICE_FAMILY = 1;
			};
			name = Debug;
		};
		116170E923E8A488000C7267 /* Release */ = {
			isa = XCBuildConfiguration;
			buildSettings = {
				ASSETCATALOG_COMPILER_APPICON_NAME = AppIcon;
				CODE_SIGN_IDENTITY = "iPhone Developer";
				CODE_SIGN_STYLE = Automatic;
				DEVELOPMENT_TEAM = A5CF5UAFXM;
				INFOPLIST_FILE = "$(SRCROOT)/MyBooksApp/Config/Info.plist";
				IPHONEOS_DEPLOYMENT_TARGET = 11.0;
				LD_RUNPATH_SEARCH_PATHS = (
					"$(inherited)",
					"@executable_path/Frameworks",
				);
				MARKETING_VERSION = 1.0.0;
				PRODUCT_BUNDLE_IDENTIFIER = ir.cafebazaar.mybooks;
				PRODUCT_NAME = "My Books";
				PROVISIONING_PROFILE_SPECIFIER = "";
				SWIFT_VERSION = 5.0;
				TARGETED_DEVICE_FAMILY = 1;
			};
			name = Release;
		};
/* End XCBuildConfiguration section */

/* Begin XCConfigurationList section */
		116170CE23E8A484000C7267 /* Build configuration list for PBXProject "MyBooksApp" */ = {
			isa = XCConfigurationList;
			buildConfigurations = (
				116170E523E8A488000C7267 /* Debug */,
				116170E623E8A488000C7267 /* Release */,
			);
			defaultConfigurationIsVisible = 0;
			defaultConfigurationName = Release;
		};
		116170E723E8A488000C7267 /* Build configuration list for PBXNativeTarget "MyBooksApp" */ = {
			isa = XCConfigurationList;
			buildConfigurations = (
				116170E823E8A488000C7267 /* Debug */,
				116170E923E8A488000C7267 /* Release */,
			);
			defaultConfigurationIsVisible = 0;
			defaultConfigurationName = Release;
		};
/* End XCConfigurationList section */

/* Begin XCVersionGroup section */
		11D1480423E9A1BB00A66F48 /* MyBooks.xcdatamodeld */ = {
			isa = XCVersionGroup;
			children = (
				11D1480523E9A1BB00A66F48 /* MyBooks.xcdatamodel */,
			);
			currentVersion = 11D1480523E9A1BB00A66F48 /* MyBooks.xcdatamodel */;
			path = MyBooks.xcdatamodeld;
			sourceTree = "<group>";
			versionGroupType = wrapper.xcdatamodel;
		};
/* End XCVersionGroup section */
	};
	rootObject = 116170CB23E8A484000C7267 /* Project object */;
}
